
Microsoft Visual Studio Solution File, Format Version 12.00
# Visual Studio Version 17
VisualStudioVersion = 17.13.35931.197 d17.13
MinimumVisualStudioVersion = 10.0.40219.1
Project("{FAE04EC0-301F-11D3-BF4B-00C04F79EFBC}") = "LMS", "LMS\LMS.csproj", "{691F5846-CF88-4320-A352-F4FC5C2157FE}"
EndProject
Global
	GlobalSection(SolutionConfigurationPlatforms) = preSolution
		Debug|Any CPU = Debug|Any CPU
		Release|Any CPU = Release|Any CPU
	EndGlobalSection
	GlobalSection(ProjectConfigurationPlatforms) = postSolution
		{691F5846-CF88-4320-A352-F4FC5C2157FE}.Debug|Any CPU.ActiveCfg = Debug|Any CPU
		{691F5846-CF88-4320-A352-F4FC5C2157FE}.Debug|Any CPU.Build.0 = Debug|Any CPU
		{691F5846-CF88-4320-A352-F4FC5C2157FE}.Release|Any CPU.ActiveCfg = Release|Any CPU
		{691F5846-CF88-4320-A352-F4FC5C2157FE}.Release|Any CPU.Build.0 = Release|Any CPU
	EndGlobalSection
	GlobalSection(SolutionProperties) = preSolution
		HideSolutionNode = FALSE
	EndGlobalSection
	GlobalSection(ExtensibilityGlobals) = postSolution
		SolutionGuid = {2FD6F9DE-A591-48FA-B03E-4C9ECD391014}
	EndGlobalSection
EndGlobal
